// !$*UTF8*$!
{
	archiveVersion = 1;
	classes = {
	};
	objectVersion = 50;
	objects = {

/* Begin PBXBuildFile section */
		20316D632491A64F00919B8C /* AppDelegate.swift in Sources */ = {isa = PBXBuildFile; fileRef = 20316D622491A64F00919B8C /* AppDelegate.swift */; };
		20316D652491A64F00919B8C /* SceneDelegate.swift in Sources */ = {isa = PBXBuildFile; fileRef = 20316D642491A64F00919B8C /* SceneDelegate.swift */; };
		20316D672491A64F00919B8C /* ViewController.swift in Sources */ = {isa = PBXBuildFile; fileRef = 20316D662491A64F00919B8C /* ViewController.swift */; };
		20316D6A2491A64F00919B8C /* Main.storyboard in Resources */ = {isa = PBXBuildFile; fileRef = 20316D682491A64F00919B8C /* Main.storyboard */; };
		20316D6D2491A64F00919B8C /* StateViewController.xcdatamodeld in Sources */ = {isa = PBXBuildFile; fileRef = 20316D6B2491A64F00919B8C /* StateViewController.xcdatamodeld */; };
		20316D6F2491A65100919B8C /* Assets.xcassets in Resources */ = {isa = PBXBuildFile; fileRef = 20316D6E2491A65100919B8C /* Assets.xcassets */; };
		20316D722491A65100919B8C /* LaunchScreen.storyboard in Resources */ = {isa = PBXBuildFile; fileRef = 20316D702491A65100919B8C /* LaunchScreen.storyboard */; };
/* End PBXBuildFile section */

/* Begin PBXFileReference section */
		20316D5F2491A64F00919B8C /* StateViewController.app */ = {isa = PBXFileReference; explicitFileType = wrapper.application; includeInIndex = 0; path = StateViewController.app; sourceTree = BUILT_PRODUCTS_DIR; };
		20316D622491A64F00919B8C /* AppDelegate.swift */ = {isa = PBXFileReference; lastKnownFileType = sourcecode.swift; path = AppDelegate.swift; sourceTree = "<group>"; };
		20316D642491A64F00919B8C /* SceneDelegate.swift */ = {isa = PBXFileReference; lastKnownFileType = sourcecode.swift; path = SceneDelegate.swift; sourceTree = "<group>"; };
		20316D662491A64F00919B8C /* ViewController.swift */ = {isa = PBXFileReference; lastKnownFileType = sourcecode.swift; path = ViewController.swift; sourceTree = "<group>"; };
		20316D692491A64F00919B8C /* Base */ = {isa = PBXFileReference; lastKnownFileType = file.storyboard; name = Base; path = Base.lproj/Main.storyboard; sourceTree = "<group>"; };
		20316D6C2491A64F00919B8C /* StateViewController.xcdatamodel */ = {isa = PBXFileReference; lastKnownFileType = wrapper.xcdatamodel; path = StateViewController.xcdatamodel; sourceTree = "<group>"; };
		20316D6E2491A65100919B8C /* Assets.xcassets */ = {isa = PBXFileReference; lastKnownFileType = folder.assetcatalog; path = Assets.xcassets; sourceTree = "<group>"; };
		20316D712491A65100919B8C /* Base */ = {isa = PBXFileReference; lastKnownFileType = file.storyboard; name = Base; path = Base.lproj/LaunchScreen.storyboard; sourceTree = "<group>"; };
		20316D732491A65100919B8C /* Info.plist */ = {isa = PBXFileReference; lastKnownFileType = text.plist.xml; path = Info.plist; sourceTree = "<group>"; };
/* End PBXFileReference section */

/* Begin PBXFrameworksBuildPhase section */
		20316D5C2491A64F00919B8C /* Frameworks */ = {
			isa = PBXFrameworksBuildPhase;
			buildActionMask = 2147483647;
			files = (
			);
			runOnlyForDeploymentPostprocessing = 0;
		};
/* End PBXFrameworksBuildPhase section */

/* Begin PBXGroup section */
		20316D562491A64F00919B8C = {
			isa = PBXGroup;
			children = (
				20316D612491A64F00919B8C /* StateViewController */,
				20316D602491A64F00919B8C /* Products */,
			);
			sourceTree = "<group>";
		};
		20316D602491A64F00919B8C /* Products */ = {
			isa = PBXGroup;
			children = (
				20316D5F2491A64F00919B8C /* StateViewController.app */,
			);
			name = Products;
			sourceTree = "<group>";
		};
		20316D612491A64F00919B8C /* StateViewController */ = {
			isa = PBXGroup;
			children = (
				20316D622491A64F00919B8C /* AppDelegate.swift */,
				20316D642491A64F00919B8C /* SceneDelegate.swift */,
				20316D662491A64F00919B8C /* ViewController.swift */,
				20316D682491A64F00919B8C /* Main.storyboard */,
				20316D6E2491A65100919B8C /* Assets.xcassets */,
				20316D702491A65100919B8C /* LaunchScreen.storyboard */,
				20316D732491A65100919B8C /* Info.plist */,
				20316D6B2491A64F00919B8C /* StateViewController.xcdatamodeld */,
			);
			path = StateViewController;
			sourceTree = "<group>";
		};
/* End PBXGroup section */

/* Begin PBXNativeTarget section */
		20316D5E2491A64F00919B8C /* StateViewController */ = {
			isa = PBXNativeTarget;
			buildConfigurationList = 20316D762491A65100919B8C /* Build configuration list for PBXNativeTarget "StateViewController" */;
			buildPhases = (
				20316D5B2491A64F00919B8C /* Sources */,
				20316D5C2491A64F00919B8C /* Frameworks */,
				20316D5D2491A64F00919B8C /* Resources */,
			);
			buildRules = (
			);
			dependencies = (
			);
			name = StateViewController;
			productName = StateViewController;
			productReference = 20316D5F2491A64F00919B8C /* StateViewController.app */;
			productType = "com.apple.product-type.application";
		};
/* End PBXNativeTarget section */

/* Begin PBXProject section */
		20316D572491A64F00919B8C /* Project object */ = {
			isa = PBXProject;
			attributes = {
				LastSwiftUpdateCheck = 1150;
				LastUpgradeCheck = 1150;
				ORGANIZATIONNAME = "Santiago Desarrollo";
				TargetAttributes = {
					20316D5E2491A64F00919B8C = {
						CreatedOnToolsVersion = 11.5;
					};
				};
			};
			buildConfigurationList = 20316D5A2491A64F00919B8C /* Build configuration list for PBXProject "StateViewController" */;
			compatibilityVersion = "Xcode 9.3";
			developmentRegion = en;
			hasScannedForEncodings = 0;
			knownRegions = (
				en,
				Base,
			);
			mainGroup = 20316D562491A64F00919B8C;
			productRefGroup = 20316D602491A64F00919B8C /* Products */;
			projectDirPath = "";
			projectRoot = "";
			targets = (
				20316D5E2491A64F00919B8C /* StateViewController */,
			);
		};
/* End PBXProject section */

/* Begin PBXResourcesBuildPhase section */
		20316D5D2491A64F00919B8C /* Resources */ = {
			isa = PBXResourcesBuildPhase;
			buildActionMask = 2147483647;
			files = (
				20316D722491A65100919B8C /* LaunchScreen.storyboard in Resources */,
				20316D6F2491A65100919B8C /* Assets.xcassets in Resources */,
				20316D6A2491A64F00919B8C /* Main.storyboard in Resources */,
			);
			runOnlyForDeploymentPostprocessing = 0;
		};
/* End PBXResourcesBuildPhase section */

/* Begin PBXSourcesBuildPhase section */
		20316D5B2491A64F00919B8C /* Sources */ = {
			isa = PBXSourcesBuildPhase;
			buildActionMask = 2147483647;
			files = (
				20316D6D2491A64F00919B8C /* StateViewController.xcdatamodeld in Sources */,
				20316D672491A64F00919B8C /* ViewController.swift in Sources */,
				20316D632491A64F00919B8C /* AppDelegate.swift in Sources */,
				20316D652491A64F00919B8C /* SceneDelegate.swift in Sources */,
			);
			runOnlyForDeploymentPostprocessing = 0;
		};
/* End PBXSourcesBuildPhase section */

/* Begin PBXVariantGroup section */
		20316D682491A64F00919B8C /* Main.storyboard */ = {
			isa = PBXVariantGroup;
			children = (
				20316D692491A64F00919B8C /* Base */,
			);
			name = Main.storyboard;
			sourceTree = "<group>";
		};
		20316D702491A65100919B8C /* LaunchScreen.storyboard */ = {
			isa = PBXVariantGroup;
			children = (
				20316D712491A65100919B8C /* Base */,
			);
			name = LaunchScreen.storyboard;
			sourceTree = "<group>";
		};
/* End PBXVariantGroup section */

/* Begin XCBuildConfiguration section */
		20316D742491A65100919B8C /* Debug */ = {
			isa = XCBuildConfiguration;
			buildSettings = {
				ALWAYS_SEARCH_USER_PATHS = NO;
				CLANG_ANALYZER_NONNULL = YES;
				CLANG_ANALYZER_NUMBER_OBJECT_CONVERSION = YES_AGGRESSIVE;
				CLANG_CXX_LANGUAGE_STANDARD = "gnu++14";
				CLANG_CXX_LIBRARY = "libc++";
				CLANG_ENABLE_MODULES = YES;
				CLANG_ENABLE_OBJC_ARC = YES;
				CLANG_ENABLE_OBJC_WEAK = YES;
				CLANG_WARN_BLOCK_CAPTURE_AUTORELEASING = YES;
				CLANG_WARN_BOOL_CONVERSION = YES;
				CLANG_WARN_COMMA = YES;
				CLANG_WARN_CONSTANT_CONVERSION = YES;
				CLANG_WARN_DEPRECATED_OBJC_IMPLEMENTATIONS = YES;
				CLANG_WARN_DIRECT_OBJC_ISA_USAGE = YES_ERROR;
				CLANG_WARN_DOCUMENTATION_COMMENTS = YES;
				CLANG_WARN_EMPTY_BODY = YES;
				CLANG_WARN_ENUM_CONVERSION = YES;
				CLANG_WARN_INFINITE_RECURSION = YES;
				CLANG_WARN_INT_CONVERSION = YES;
				CLANG_WARN_NON_LITERAL_NULL_CONVERSION = YES;
				CLANG_WARN_OBJC_IMPLICIT_RETAIN_SELF = YES;
				CLANG_WARN_OBJC_LITERAL_CONVERSION = YES;
				CLANG_WARN_OBJC_ROOT_CLASS = YES_ERROR;
				CLANG_WARN_RANGE_LOOP_ANALYSIS = YES;
				CLANG_WARN_STRICT_PROTOTYPES = YES;
				CLANG_WARN_SUSPICIOUS_MOVE = YES;
				CLANG_WARN_UNGUARDED_AVAILABILITY = YES_AGGRESSIVE;
				CLANG_WARN_UNREACHABLE_CODE = YES;
				CLANG_WARN__DUPLICATE_METHOD_MATCH = YES;
				COPY_PHASE_STRIP = NO;
				DEBUG_INFORMATION_FORMAT = dwarf;
				ENABLE_STRICT_OBJC_MSGSEND = YES;
				ENABLE_TESTABILITY = YES;
				GCC_C_LANGUAGE_STANDARD = gnu11;
				GCC_DYNAMIC_NO_PIC = NO;
				GCC_NO_COMMON_BLOCKS = YES;
				GCC_OPTIMIZATION_LEVEL = 0;
				GCC_PREPROCESSOR_DEFINITIONS = (
					"DEBUG=1",
					"$(inherited)",
				);
				GCC_WARN_64_TO_32_BIT_CONVERSION = YES;
				GCC_WARN_ABOUT_RETURN_TYPE = YES_ERROR;
				GCC_WARN_UNDECLARED_SELECTOR = YES;
				GCC_WARN_UNINITIALIZED_AUTOS = YES_AGGRESSIVE;
				GCC_WARN_UNUSED_FUNCTION = YES;
				GCC_WARN_UNUSED_VARIABLE = YES;
				IPHONEOS_DEPLOYMENT_TARGET = 13.5;
				MTL_ENABLE_DEBUG_INFO = INCLUDE_SOURCE;
				MTL_FAST_MATH = YES;
				ONLY_ACTIVE_ARCH = YES;
				SDKROOT = iphoneos;
				SWIFT_ACTIVE_COMPILATION_CONDITIONS = DEBUG;
				SWIFT_OPTIMIZATION_LEVEL = "-Onone";
			};
			name = Debug;
		};
		20316D752491A65100919B8C /* Release */ = {
			isa = XCBuildConfiguration;
			buildSettings = {
				ALWAYS_SEARCH_USER_PATHS = NO;
				CLANG_ANALYZER_NONNULL = YES;
				CLANG_ANALYZER_NUMBER_OBJECT_CONVERSION = YES_AGGRESSIVE;
				CLANG_CXX_LANGUAGE_STANDARD = "gnu++14";
				CLANG_CXX_LIBRARY = "libc++";
				CLANG_ENABLE_MODULES = YES;
				CLANG_ENABLE_OBJC_ARC = YES;
				CLANG_ENABLE_OBJC_WEAK = YES;
				CLANG_WARN_BLOCK_CAPTURE_AUTORELEASING = YES;
				CLANG_WARN_BOOL_CONVERSION = YES;
				CLANG_WARN_COMMA = YES;
				CLANG_WARN_CONSTANT_CONVERSION = YES;
				CLANG_WARN_DEPRECATED_OBJC_IMPLEMENTATIONS = YES;
				CLANG_WARN_DIRECT_OBJC_ISA_USAGE = YES_ERROR;
				CLANG_WARN_DOCUMENTATION_COMMENTS = YES;
				CLANG_WARN_EMPTY_BODY = YES;
				CLANG_WARN_ENUM_CONVERSION = YES;
				CLANG_WARN_INFINITE_RECURSION = YES;
				CLANG_WARN_INT_CONVERSION = YES;
				CLANG_WARN_NON_LITERAL_NULL_CONVERSION = YES;
				CLANG_WARN_OBJC_IMPLICIT_RETAIN_SELF = YES;
				CLANG_WARN_OBJC_LITERAL_CONVERSION = YES;
				CLANG_WARN_OBJC_ROOT_CLASS = YES_ERROR;
				CLANG_WARN_RANGE_LOOP_ANALYSIS = YES;
				CLANG_WARN_STRICT_PROTOTYPES = YES;
				CLANG_WARN_SUSPICIOUS_MOVE = YES;
				CLANG_WARN_UNGUARDED_AVAILABILITY = YES_AGGRESSIVE;
				CLANG_WARN_UNREACHABLE_CODE = YES;
				CLANG_WARN__DUPLICATE_METHOD_MATCH = YES;
				COPY_PHASE_STRIP = NO;
				DEBUG_INFORMATION_FORMAT = "dwarf-with-dsym";
				ENABLE_NS_ASSERTIONS = NO;
				ENABLE_STRICT_OBJC_MSGSEND = YES;
				GCC_C_LANGUAGE_STANDARD = gnu11;
				GCC_NO_COMMON_BLOCKS = YES;
				GCC_WARN_64_TO_32_BIT_CONVERSION = YES;
				GCC_WARN_ABOUT_RETURN_TYPE = YES_ERROR;
				GCC_WARN_UNDECLARED_SELECTOR = YES;
				GCC_WARN_UNINITIALIZED_AUTOS = YES_AGGRESSIVE;
				GCC_WARN_UNUSED_FUNCTION = YES;
				GCC_WARN_UNUSED_VARIABLE = YES;
				IPHONEOS_DEPLOYMENT_TARGET = 13.5;
				MTL_ENABLE_DEBUG_INFO = NO;
				MTL_FAST_MATH = YES;
				SDKROOT = iphoneos;
				SWIFT_COMPILATION_MODE = wholemodule;
				SWIFT_OPTIMIZATION_LEVEL = "-O";
				VALIDATE_PRODUCT = YES;
			};
			name = Release;
		};
		20316D772491A65100919B8C /* Debug */ = {
			isa = XCBuildConfiguration;
			buildSettings = {
				ASSETCATALOG_COMPILER_APPICON_NAME = AppIcon;
				CODE_SIGN_STYLE = Automatic;
				DEVELOPMENT_TEAM = 7HZ7X3SYS9;
				INFOPLIST_FILE = StateViewController/Info.plist;
				LD_RUNPATH_SEARCH_PATHS = (
					"$(inherited)",
					"@executable_path/Frameworks",
				);
				PRODUCT_BUNDLE_IDENTIFIER = com.santiago.StateViewController;
				PRODUCT_NAME = "$(TARGET_NAME)";
				SWIFT_VERSION = 5.0;
				TARGETED_DEVICE_FAMILY = "1,2";
			};
			name = Debug;
		};
		20316D782491A65100919B8C /* Release */ = {
			isa = XCBuildConfiguration;
			buildSettings = {
				ASSETCATALOG_COMPILER_APPICON_NAME = AppIcon;
				CODE_SIGN_STYLE = Automatic;
				DEVELOPMENT_TEAM = 7HZ7X3SYS9;
				INFOPLIST_FILE = StateViewController/Info.plist;
				LD_RUNPATH_SEARCH_PATHS = (
					"$(inherited)",
					"@executable_path/Frameworks",
				);
				PRODUCT_BUNDLE_IDENTIFIER = com.santiago.StateViewController;
				PRODUCT_NAME = "$(TARGET_NAME)";
				SWIFT_VERSION = 5.0;
				TARGETED_DEVICE_FAMILY = "1,2";
			};
			name = Release;
		};
/* End XCBuildConfiguration section */

/* Begin XCConfigurationList section */
		20316D5A2491A64F00919B8C /* Build configuration list for PBXProject "StateViewController" */ = {
			isa = XCConfigurationList;
			buildConfigurations = (
				20316D742491A65100919B8C /* Debug */,
				20316D752491A65100919B8C /* Release */,
			);
			defaultConfigurationIsVisible = 0;
			defaultConfigurationName = Release;
		};
		20316D762491A65100919B8C /* Build configuration list for PBXNativeTarget "StateViewController" */ = {
			isa = XCConfigurationList;
			buildConfigurations = (
				20316D772491A65100919B8C /* Debug */,
				20316D782491A65100919B8C /* Release */,
			);
			defaultConfigurationIsVisible = 0;
			defaultConfigurationName = Release;
		};
/* End XCConfigurationList section */

/* Begin XCVersionGroup section */
		20316D6B2491A64F00919B8C /* StateViewController.xcdatamodeld */ = {
			isa = XCVersionGroup;
			children = (
				20316D6C2491A64F00919B8C /* StateViewController.xcdatamodel */,
			);
			currentVersion = 20316D6C2491A64F00919B8C /* StateViewController.xcdatamodel */;
			path = StateViewController.xcdatamodeld;
			sourceTree = "<group>";
			versionGroupType = wrapper.xcdatamodel;
		};
/* End XCVersionGroup section */
	};
	rootObject = 20316D572491A64F00919B8C /* Project object */;
}
